
Microsoft Visual Studio Solution File, Format Version 12.00
# Visual Studio 2012
Project("{FAE04EC0-301F-11D3-BF4B-00C04F79EFBC}") = "RS485Test", "RS485Test\RS485Test.csproj", "{EEBDE0FB-0111-40D7-8E60-A0A61D7B979C}"
EndProject
Global
	GlobalSection(SolutionConfigurationPlatforms) = preSolution
		Debug|Any CPU = Debug|Any CPU
		Release|Any CPU = Release|Any CPU
	EndGlobalSection
	GlobalSection(ProjectConfigurationPlatforms) = postSolution
		{EEBDE0FB-0111-40D7-8E60-A0A61D7B979C}.Debug|Any CPU.ActiveCfg = Debug|Any CPU
		{EEBDE0FB-0111-40D7-8E60-A0A61D7B979C}.Debug|Any CPU.Build.0 = Debug|Any CPU
		{EEBDE0FB-0111-40D7-8E60-A0A61D7B979C}.Release|Any CPU.ActiveCfg = Release|Any CPU
		{EEBDE0FB-0111-40D7-8E60-A0A61D7B979C}.Release|Any CPU.Build.0 = Release|Any CPU
	EndGlobalSection
	GlobalSection(SolutionProperties) = preSolution
		HideSolutionNode = FALSE
	EndGlobalSection
EndGlobal
